{
  "name": "lodown-jsreyes97",
  "version": "1.0.2",
  "lockfileVersion": 1,
  "requires": true,
  "dependencies": {
    "lodown-jsreyes97": {
      "version": "1.0.1",
      "resolved": "https://registry.npmjs.org/lodown-jsreyes97/-/lodown-jsreyes97-1.0.1.tgz",
      "integrity": "sha512-/hiB64k2H57J+ZD4cm9PPmYLCSG93fBnANGEPFPJarg82EqhgrUHVwbL3dh3JUgrBmY0z9E8WCThXDgq4VT0cA=="
    }
  }
}
